<?xml version="1.0" encoding="utf-8"?>
<Project ToolsVersion="4.0" xmlns="http://schemas.microsoft.com/developer/msbuild/2003">
  <ItemGroup>
    <Filter Include="Sources">
      <UniqueIdentifier>{440bbb26-bf6d-4790-8ed0-8419bcf5d666}</UniqueIdentifier>
    </Filter>
    <Filter Include="Sources\Containers">
      <UniqueIdentifier>{53eb4da8-7f9a-490a-8fa5-ac94133800f2}</UniqueIdentifier>
    </Filter>
    <Filter Include="Sources\Helpers">
      <UniqueIdentifier>{1d7a4909-dc92-4488-a3a5-2cb7df89b826}</UniqueIdentifier>
    </Filter>
    <Filter Include="Sources\Modules">
      <UniqueIdentifier>{5323b377-34a8-4d7b-bcb7-7126f3a0a311}</UniqueIdentifier>
    </Filter>
    <Filter Include="Sources\Tools">
      <UniqueIdentifier>{60b63cd0-3edb-434b-967c-6f6705e2085c}</UniqueIdentifier>
    </Filter>
    <Filter Include="Sources\Modules\Game">
      <UniqueIdentifier>{09dfa510-274d-4bd4-895f-d72b0dd54625}</UniqueIdentifier>
    </Filter>
    <Filter Include="Third_party_soft">
      <UniqueIdentifier>{e8cc6d25-877d-408f-935e-ca03fda72625}</UniqueIdentifier>
    </Filter>
    <Filter Include="Third_party_soft\ImGUI">
      <UniqueIdentifier>{542b4eda-c565-4f0e-8926-a7824a7ca313}</UniqueIdentifier>
    </Filter>
    <Filter Include="Third_party_soft\MahtGeoLib">
      <UniqueIdentifier>{e46669cc-cb2a-497c-86eb-922947de56d6}</UniqueIdentifier>
    </Filter>
  </ItemGroup>
  <ItemGroup>
    <ClCompile Include="Source_code\Main.cpp">
      <Filter>Sources</Filter>
    </ClCompile>
    <ClCompile Include="Source_code\Application.cpp">
      <Filter>Sources</Filter>
    </ClCompile>
    <ClCompile Include="Source_code\log.cpp">
      <Filter>Sources\Tools</Filter>
    </ClCompile>
    <ClCompile Include="Source_code\Timer.cpp">
      <Filter>Sources\Tools</Filter>
    </ClCompile>
    <ClCompile Include="Source_code\Color.cpp">
      <Filter>Sources\Containers</Filter>
    </ClCompile>
    <ClCompile Include="Source_code\glmath.cpp">
      <Filter>Sources\Containers</Filter>
    </ClCompile>
    <ClCompile Include="Source_code\Light.cpp">
      <Filter>Sources\Helpers</Filter>
    </ClCompile>
    <ClCompile Include="Source_code\PhysBody3D.cpp">
      <Filter>Sources\Helpers</Filter>
    </ClCompile>
    <ClCompile Include="Source_code\Primitive.cpp">
      <Filter>Sources\Helpers</Filter>
    </ClCompile>
    <ClCompile Include="Source_code\ModuleSceneIntro.cpp">
      <Filter>Sources\Modules\Game</Filter>
    </ClCompile>
    <ClCompile Include="Source_code\ModuleAudio.cpp">
      <Filter>Sources\Modules</Filter>
    </ClCompile>
    <ClCompile Include="Source_code\ModuleCamera3D.cpp">
      <Filter>Sources\Modules</Filter>
    </ClCompile>
    <ClCompile Include="Source_code\ModuleEditor.cpp">
      <Filter>Sources\Modules</Filter>
    </ClCompile>
    <ClCompile Include="Source_code\ModuleInput.cpp">
      <Filter>Sources\Modules</Filter>
    </ClCompile>
    <ClCompile Include="Source_code\ModulePhysics3D.cpp">
      <Filter>Sources\Modules</Filter>
    </ClCompile>
    <ClCompile Include="Source_code\ModuleRenderer3D.cpp">
      <Filter>Sources\Modules</Filter>
    </ClCompile>
    <ClCompile Include="Source_code\ModuleWindow.cpp">
      <Filter>Sources\Modules</Filter>
    </ClCompile>
    <ClCompile Include="Third_party_soft\imgui\imgui.cpp">
      <Filter>Third_party_soft\ImGUI</Filter>
    </ClCompile>
    <ClCompile Include="Third_party_soft\imgui\imgui_demo.cpp">
      <Filter>Third_party_soft\ImGUI</Filter>
    </ClCompile>
    <ClCompile Include="Third_party_soft\imgui\imgui_draw.cpp">
      <Filter>Third_party_soft\ImGUI</Filter>
    </ClCompile>
    <ClCompile Include="Third_party_soft\imgui\imgui_impl_sdl_gl3.cpp">
      <Filter>Third_party_soft\ImGUI</Filter>
    </ClCompile>
  </ItemGroup>
  <ItemGroup>
    <ClInclude Include="Third_party_software\MathGeoLib\MathBuildConfig.h">
      <Filter>Third_party_soft\MahtGeoLib</Filter>
    </ClInclude>
    <ClInclude Include="Third_party_software\MathGeoLib\MathGeoLib.h">
      <Filter>Third_party_soft\MahtGeoLib</Filter>
    </ClInclude>
    <ClInclude Include="Third_party_software\MathGeoLib\MathGeoLibFwd.h">
      <Filter>Third_party_soft\MahtGeoLib</Filter>
    </ClInclude>
    <ClInclude Include="Source_code\Globals.h">
      <Filter>Sources</Filter>
    </ClInclude>
    <ClInclude Include="Source_code\Application.h">
      <Filter>Sources</Filter>
    </ClInclude>
    <ClInclude Include="Source_code\Timer.h">
      <Filter>Sources\Tools</Filter>
    </ClInclude>
    <ClInclude Include="Source_code\Color.h">
      <Filter>Sources\Containers</Filter>
    </ClInclude>
    <ClInclude Include="Source_code\glmath.h">
      <Filter>Sources\Containers</Filter>
    </ClInclude>
    <ClInclude Include="Source_code\Point2D.h">
      <Filter>Sources\Containers</Filter>
    </ClInclude>
    <ClInclude Include="Source_code\Light.h">
      <Filter>Sources\Helpers</Filter>
    </ClInclude>
    <ClInclude Include="Source_code\PhysBody3D.h">
      <Filter>Sources\Helpers</Filter>
    </ClInclude>
    <ClInclude Include="Source_code\Primitive.h">
      <Filter>Sources\Helpers</Filter>
    </ClInclude>
    <ClInclude Include="Source_code\ModuleSceneIntro.h">
      <Filter>Sources\Modules\Game</Filter>
    </ClInclude>
    <ClInclude Include="Source_code\Module.h">
      <Filter>Sources\Modules</Filter>
    </ClInclude>
    <ClInclude Include="Source_code\ModuleAudio.h">
      <Filter>Sources\Modules</Filter>
    </ClInclude>
    <ClInclude Include="Source_code\ModuleCamera3D.h">
      <Filter>Sources\Modules</Filter>
    </ClInclude>
    <ClInclude Include="Source_code\ModuleEditor.h">
      <Filter>Sources\Modules</Filter>
    </ClInclude>
    <ClInclude Include="Source_code\ModuleInput.h">
      <Filter>Sources\Modules</Filter>
    </ClInclude>
    <ClInclude Include="Source_code\ModulePhysics3D.h">
      <Filter>Sources\Modules</Filter>
    </ClInclude>
    <ClInclude Include="Source_code\ModuleRenderer3D.h">
      <Filter>Sources\Modules</Filter>
    </ClInclude>
    <ClInclude Include="Source_code\ModuleWindow.h">
      <Filter>Sources\Modules</Filter>
    </ClInclude>
    <ClInclude Include="Third_party_soft\imgui\imconfig.h">
      <Filter>Third_party_soft\ImGUI</Filter>
    </ClInclude>
    <ClInclude Include="Third_party_soft\imgui\imgui.h">
      <Filter>Third_party_soft\ImGUI</Filter>
    </ClInclude>
    <ClInclude Include="Third_party_soft\imgui\imgui_impl_sdl_gl3.h">
      <Filter>Third_party_soft\ImGUI</Filter>
    </ClInclude>
    <ClInclude Include="Third_party_soft\imgui\imgui_internal.h">
      <Filter>Third_party_soft\ImGUI</Filter>
    </ClInclude>
    <ClInclude Include="Third_party_soft\imgui\stb_rect_pack.h">
      <Filter>Third_party_soft\ImGUI</Filter>
    </ClInclude>
    <ClInclude Include="Third_party_soft\imgui\stb_textedit.h">
      <Filter>Third_party_soft\ImGUI</Filter>
    </ClInclude>
    <ClInclude Include="Third_party_soft\imgui\stb_truetype.h">
      <Filter>Third_party_soft\ImGUI</Filter>
    </ClInclude>
  </ItemGroup>
</Project>